# This file is automatically @generated by Cargo.
# It is not intended for manual editing.
version = 3

[[package]]
name = "felis-syn"
version = "0.1.0"

[[package]]
name = "felis-type-check"
version = "0.1.0"
dependencies = [
 "felis-syn",
 "neco-resolver",
]

[[package]]
name = "neco"
version = "0.1.0"
dependencies = [
 "neco-core-expr",
 "neco-resolver",
]

[[package]]
name = "neco-core-expr"
version = "0.1.0"

[[package]]
name = "neco-resolver"
version = "0.1.0"
