# This file is automatically @generated by Cargo.
# It is not intended for manual editing.
version = 3

[[package]]
name = "felis-package"
version = "0.1.0"
dependencies = [
 "felis-syn",
]

[[package]]
name = "felis-rename"
version = "0.1.0"
dependencies = [
 "felis-package",
 "felis-syn",
 "neco-resolver",
]

[[package]]
name = "felis-syn"
version = "0.1.0"

[[package]]
name = "felis-term"
version = "0.1.0"
dependencies = [
 "felis-rename",
]

[[package]]
name = "felis-x86-64"
version = "0.1.0"
dependencies = [
 "felis-rename",
 "felis-syn",
 "neco-resolver",
]

[[package]]
name = "neco"
version = "0.1.0"
dependencies = [
 "felis-rename",
 "felis-syn",
 "felis-term",
 "neco-resolver",
]

[[package]]
name = "neco-resolver"
version = "0.1.0"
